GIT
  remote: git://github.com/kaznum/doorkeeper.git
  revision: da956b9b5c386fa5117abda73f25879253d61bbb
  branch: remove_has_many_warning
  specs:
    doorkeeper (0.6.7)
      railties (>= 3.1)

GEM
  remote: http://rubygems.org/
  specs:
    actionmailer (4.0.0)
      actionpack (= 4.0.0)
      mail (~> 2.5.3)
    actionpack (4.0.0)
      activesupport (= 4.0.0)
      builder (~> 3.1.0)
      erubis (~> 2.7.0)
      rack (~> 1.5.2)
      rack-test (~> 0.6.2)
    activemodel (4.0.0)
      activesupport (= 4.0.0)
      builder (~> 3.1.0)
    activerecord (4.0.0)
      activemodel (= 4.0.0)
      activerecord-deprecated_finders (~> 1.0.2)
      activesupport (= 4.0.0)
      arel (~> 4.0.0)
    activerecord-deprecated_finders (1.0.3)
    activerecord-jdbc-adapter (1.3.0.beta2)
    activerecord-jdbcmssql-adapter (1.3.0.beta2)
      activerecord-jdbc-adapter (~> 1.3.0.beta2)
      jdbc-jtds (>= 1.2.5, < 1.4.0)
    activerecord-jdbcmysql-adapter (1.3.0.beta2)
      activerecord-jdbc-adapter (~> 1.3.0.beta2)
      jdbc-mysql (~> 5.1.0)
    activerecord-jdbcpostgresql-adapter (1.3.0.beta2)
      activerecord-jdbc-adapter (~> 1.3.0.beta2)
      jdbc-postgres (>= 9.1, < 9.3)
    activerecord-jdbcsqlite3-adapter (1.3.0.beta2)
      activerecord-jdbc-adapter (~> 1.3.0.beta2)
      jdbc-sqlite3 (~> 3.7.2)
    activesupport (4.0.0)
      i18n (~> 0.6, >= 0.6.4)
      minitest (~> 4.2)
      multi_json (~> 1.3)
      thread_safe (~> 0.1)
      tzinfo (~> 0.3.37)
    addressable (2.3.5)
    arel (4.0.0)
    atomic (1.1.10)
    atomic (1.1.10-java)
    builder (3.1.4)
    coffee-rails (4.0.0)
      coffee-script (>= 2.2.0)
      railties (>= 4.0.0.beta, < 5.0)
    coffee-script (2.2.0)
      coffee-script-source
      execjs
    coffee-script-source (1.6.3)
    diff-lcs (1.2.4)
    dotenv (0.8.0)
    dotenv-rails (0.8.0)
      dotenv (= 0.8.0)
    erubis (2.7.0)
    execjs (1.4.0)
      multi_json (~> 1.0)
    fabrication (2.7.2)
    haml (4.0.3)
      tilt
    haml-rails (0.4)
      actionpack (>= 3.1, < 4.1)
      activesupport (>= 3.1, < 4.1)
      haml (>= 3.1, < 4.1)
      railties (>= 3.1, < 4.1)
    hike (1.2.3)
    i18n (0.6.4)
    jbuilder (1.4.2)
      activesupport (>= 3.0.0)
      multi_json (>= 1.2.0)
    jdbc-jtds (1.3.0.1)
    jdbc-mysql (5.1.25)
    jdbc-postgres (9.2.1002.1)
    jdbc-sqlite3 (3.7.2.1)
    jquery-rails (3.0.2)
      railties (>= 3.0, < 5.0)
      thor (>= 0.14, < 2.0)
    jquery-ui-rails (4.0.3)
      jquery-rails
      railties (>= 3.1.0)
    krypt (0.0.1)
      krypt-core (= 0.0.1)
    krypt-core (0.0.1-java)
      krypt-provider-jdk (= 0.0.1)
    krypt-ossl (0.1.0)
      krypt
    krypt-provider-jdk (0.0.1)
    launchy (2.3.0)
      addressable (~> 2.3)
    mail (2.5.4)
      mime-types (~> 1.16)
      treetop (~> 1.4.8)
    memoist (0.9.0)
    mime-types (1.23)
    minitest (4.7.5)
    multi_json (1.7.7)
    polyglot (0.3.3)
    protected_attributes (1.0.3)
      activemodel (>= 4.0.0, < 5.0)
    rack (1.5.2)
    rack-test (0.6.2)
      rack (>= 1.0)
    rails (4.0.0)
      actionmailer (= 4.0.0)
      actionpack (= 4.0.0)
      activerecord (= 4.0.0)
      activesupport (= 4.0.0)
      bundler (>= 1.3.0, < 2.0)
      railties (= 4.0.0)
      sprockets-rails (~> 2.0.0)
    rails-observers (0.1.1)
      railties (~> 4.0.0.beta)
    rails_emoji (1.6.2)
      rails (>= 3.1.0)
    railties (4.0.0)
      actionpack (= 4.0.0)
      activesupport (= 4.0.0)
      rake (>= 0.8.7)
      thor (>= 0.18.1, < 2.0)
    rake (10.1.0)
    rspec-core (2.14.0)
    rspec-expectations (2.14.0)
      diff-lcs (>= 1.1.3, < 2.0)
    rspec-mocks (2.14.0)
    rspec-rails (2.14.0)
      actionpack (>= 3.0)
      activesupport (>= 3.0)
      railties (>= 3.0)
      rspec-core (~> 2.14.0)
      rspec-expectations (~> 2.14.0)
      rspec-mocks (~> 2.14.0)
    sass (3.2.9)
    sass-rails (4.0.0)
      railties (>= 4.0.0.beta, < 5.0)
      sass (>= 3.1.10)
      sprockets-rails (~> 2.0.0)
    settingslogic (2.0.9)
    simplecov (0.7.1)
      multi_json (~> 1.0)
      simplecov-html (~> 0.7.1)
    simplecov-html (0.7.1)
    spork (0.9.2)
    sprockets (2.10.0)
      hike (~> 1.2)
      multi_json (~> 1.0)
      rack (~> 1.0)
      tilt (~> 1.1, != 1.3.0)
    sprockets-rails (2.0.0)
      actionpack (>= 3.0)
      activesupport (>= 3.0)
      sprockets (~> 2.8)
    therubyrhino (2.0.2)
      therubyrhino_jar (>= 1.7.3)
    therubyrhino_jar (1.7.4)
    thor (0.18.1)
    thread_safe (0.1.0)
      atomic
    tilt (1.4.1)
    treetop (1.4.14)
      polyglot
      polyglot (>= 0.3.1)
    twitter-bootstrap-rails (2.2.7)
      actionpack (>= 3.1)
      execjs
      rails (>= 3.1)
      railties (>= 3.1)
    tzinfo (0.3.37)
    uglifier (2.1.1)
      execjs (>= 0.3.0)
      multi_json (~> 1.0, >= 1.0.2)
    underscore-rails (1.4.4)

PLATFORMS
  java
  ruby

DEPENDENCIES
  activerecord-jdbc-adapter (>= 1.3.0.beta2)
  activerecord-jdbcmssql-adapter (>= 1.3.0.beta2)
  activerecord-jdbcmysql-adapter (>= 1.3.0.beta2)
  activerecord-jdbcpostgresql-adapter (>= 1.3.0.beta2)
  activerecord-jdbcsqlite3-adapter (>= 1.3.0.beta2)
  coffee-rails
  doorkeeper!
  dotenv-rails
  fabrication
  haml (>= 4.0.2)
  haml-rails
  i18n
  jbuilder
  jdbc-jtds
  jdbc-mysql
  jdbc-postgres
  jdbc-sqlite3
  jquery-rails
  jquery-ui-rails
  krypt-ossl
  launchy
  memoist
  protected_attributes
  rails (>= 4.0.0)
  rails-observers
  rails_emoji
  rspec-rails (>= 2.13.1)
  sass-rails
  settingslogic
  simplecov
  spork
  therubyrhino
  twitter-bootstrap-rails
  uglifier
  underscore-rails
