GIT
  remote: git://github.com/jruby/activerecord-jdbc-adapter.git
  revision: b1cb2cb59496a7c3ae22799f88c8c4789e6a8cce
  specs:
    activerecord-jdbc-adapter (1.3.0.DEV)
    activerecord-jdbcmssql-adapter (1.3.0.DEV)
      activerecord-jdbc-adapter (~> 1.3.0.DEV)
      jdbc-jtds (>= 1.2.5, < 1.4.0)
    activerecord-jdbcmysql-adapter (1.3.0.DEV)
      activerecord-jdbc-adapter (~> 1.3.0.DEV)
      jdbc-mysql (~> 5.1.0)
    activerecord-jdbcpostgresql-adapter (1.3.0.DEV)
      activerecord-jdbc-adapter (~> 1.3.0.DEV)
      jdbc-postgres (>= 9.1, < 9.3)
    activerecord-jdbcsqlite3-adapter (1.3.0.DEV)
      activerecord-jdbc-adapter (~> 1.3.0.DEV)
      jdbc-sqlite3 (~> 3.7.2)
    jdbc-jtds (1.3.0.1)
    jdbc-mysql (5.1.24)
    jdbc-postgres (9.2.1002.1)
    jdbc-sqlite3 (3.7.2.1)

GIT
  remote: git://github.com/kaznum/doorkeeper.git
  revision: da956b9b5c386fa5117abda73f25879253d61bbb
  branch: remove_has_many_warning
  specs:
    doorkeeper (0.6.7)
      railties (>= 3.1)

GIT
  remote: git://github.com/rails/coffee-rails.git
  revision: cbc4a6f571e87f68d272b9a377db3fb3307464ab
  specs:
    coffee-rails (4.0.0)
      coffee-script (>= 2.2.0)
      railties (>= 4.0.0.beta, < 5.0)

GIT
  remote: git://github.com/rails/rails.git
  revision: b83a7203b85df83026af2b1d8a9135c4d068d807
  branch: 4-0-stable
  specs:
    actionmailer (4.0.0.rc1)
      actionpack (= 4.0.0.rc1)
      mail (~> 2.5.4)
    actionpack (4.0.0.rc1)
      activesupport (= 4.0.0.rc1)
      builder (~> 3.1.0)
      erubis (~> 2.7.0)
      rack (~> 1.5.2)
      rack-test (~> 0.6.2)
    activemodel (4.0.0.rc1)
      activesupport (= 4.0.0.rc1)
      builder (~> 3.1.0)
    activerecord (4.0.0.rc1)
      activemodel (= 4.0.0.rc1)
      activerecord-deprecated_finders (~> 1.0.2)
      activesupport (= 4.0.0.rc1)
      arel (~> 4.0.0)
    activesupport (4.0.0.rc1)
      i18n (~> 0.6, >= 0.6.4)
      minitest (~> 4.2)
      multi_json (~> 1.3)
      thread_safe (~> 0.1)
      tzinfo (~> 0.3.37)
    rails (4.0.0.rc1)
      actionmailer (= 4.0.0.rc1)
      actionpack (= 4.0.0.rc1)
      activerecord (= 4.0.0.rc1)
      activesupport (= 4.0.0.rc1)
      bundler (>= 1.3.0, < 2.0)
      railties (= 4.0.0.rc1)
      sprockets-rails (~> 2.0.0.rc4)
    railties (4.0.0.rc1)
      actionpack (= 4.0.0.rc1)
      activesupport (= 4.0.0.rc1)
      rake (>= 0.8.7)
      thor (>= 0.18.1, < 2.0)

GIT
  remote: git://github.com/rails/sass-rails.git
  revision: 33799418f104c961b1ce41452e77cf1e04930755
  specs:
    sass-rails (4.0.0.rc1)
      railties (>= 4.0.0.beta, < 5.0)
      sass (>= 3.1.10)
      sprockets-rails (~> 2.0.0.rc4)

GIT
  remote: git://github.com/rspec/rspec-rails.git
  revision: 55bfd60a3ee74a757af19116bbe10674d4654bea
  branch: 2-13-maintenance
  specs:
    rspec-rails (2.13.2)
      actionpack (>= 3.0)
      activesupport (>= 3.0)
      railties (>= 3.0)
      rspec-core (~> 2.13.0)
      rspec-expectations (~> 2.13.0)
      rspec-mocks (~> 2.13.0)

GEM
  remote: http://rubygems.org/
  specs:
    activerecord-deprecated_finders (1.0.2)
    addressable (2.3.4)
    arel (4.0.0)
    atomic (1.1.9)
    atomic (1.1.9-java)
    builder (3.1.4)
    coffee-script (2.2.0)
      coffee-script-source
      execjs
    coffee-script-source (1.6.2)
    diff-lcs (1.2.4)
    erubis (2.7.0)
    execjs (1.4.0)
      multi_json (~> 1.0)
    fabrication (2.7.0)
    haml (4.0.2)
      tilt
    haml-rails (0.4)
      actionpack (>= 3.1, < 4.1)
      activesupport (>= 3.1, < 4.1)
      haml (>= 3.1, < 4.1)
      railties (>= 3.1, < 4.1)
    hike (1.2.2)
    i18n (0.6.4)
    jbuilder (1.4.1)
      activesupport (>= 3.0.0)
      multi_json (>= 1.2.0)
    jquery-rails (2.2.1)
      railties (>= 3.0, < 5.0)
      thor (>= 0.14, < 2.0)
    jquery-ui-rails (4.0.3)
      jquery-rails
      railties (>= 3.1.0)
    krypt (0.0.1)
      krypt-core (= 0.0.1)
    krypt-core (0.0.1-java)
      krypt-provider-jdk (= 0.0.1)
    krypt-ossl (0.1.0)
      krypt
    krypt-provider-jdk (0.0.1)
    launchy (2.3.0)
      addressable (~> 2.3)
    mail (2.5.4)
      mime-types (~> 1.16)
      treetop (~> 1.4.8)
    memoist (0.9.0)
    mime-types (1.23)
    minitest (4.7.4)
    multi_json (1.7.3)
    polyglot (0.3.3)
    protected_attributes (1.0.1)
      activemodel (>= 4.0.0.beta, < 5.0)
    rack (1.5.2)
    rack-test (0.6.2)
      rack (>= 1.0)
    rails-observers (0.1.1)
      railties (~> 4.0.0.beta)
    rails_emoji (1.6.2)
      rails (>= 3.1.0)
    rake (10.0.4)
    rspec-core (2.13.1)
    rspec-expectations (2.13.0)
      diff-lcs (>= 1.1.3, < 2.0)
    rspec-mocks (2.13.1)
    sass (3.2.9)
    settingslogic (2.0.9)
    simplecov (0.7.1)
      multi_json (~> 1.0)
      simplecov-html (~> 0.7.1)
    simplecov-html (0.7.1)
    spork (0.9.2)
    sprockets (2.9.3)
      hike (~> 1.2)
      multi_json (~> 1.0)
      rack (~> 1.0)
      tilt (~> 1.1, != 1.3.0)
    sprockets-rails (2.0.0.rc4)
      actionpack (>= 3.0)
      activesupport (>= 3.0)
      sprockets (~> 2.8)
    therubyrhino (2.0.2)
      therubyrhino_jar (>= 1.7.3)
    therubyrhino_jar (1.7.4)
    thor (0.18.1)
    thread_safe (0.1.0)
      atomic
    tilt (1.4.1)
    treetop (1.4.12)
      polyglot
      polyglot (>= 0.3.1)
    twitter-bootstrap-rails (2.2.6)
      actionpack (>= 3.1)
      execjs
      railties (>= 3.1)
    tzinfo (0.3.37)
    uglifier (2.1.1)
      execjs (>= 0.3.0)
      multi_json (~> 1.0, >= 1.0.2)
    underscore-rails (1.4.4)

PLATFORMS
  java
  ruby

DEPENDENCIES
  activerecord-jdbc-adapter!
  activerecord-jdbcmssql-adapter!
  activerecord-jdbcmysql-adapter!
  activerecord-jdbcpostgresql-adapter!
  activerecord-jdbcsqlite3-adapter!
  coffee-rails!
  doorkeeper!
  fabrication
  haml (>= 4.0.2)
  haml-rails
  i18n
  jbuilder
  jdbc-jtds!
  jdbc-mysql!
  jdbc-postgres!
  jdbc-sqlite3!
  jquery-rails
  jquery-ui-rails
  krypt-ossl
  launchy
  memoist
  protected_attributes
  rails!
  rails-observers
  rails_emoji
  rspec-rails!
  sass-rails!
  settingslogic
  simplecov
  spork
  therubyrhino
  twitter-bootstrap-rails
  uglifier
  underscore-rails
